
Microsoft Visual Studio Solution File, Format Version 12.00
# Visual Studio Version 17
VisualStudioVersion = 17.2.32526.322
MinimumVisualStudioVersion = 10.0.40219.1
Project("{FAE04EC0-301F-11D3-BF4B-00C04F79EFBC}") = "Swap", "Swap\Swap.csproj", "{D0A70314-3068-4A34-B5E8-3A04F5BD83DC}"
EndProject
Global
	GlobalSection(SolutionConfigurationPlatforms) = preSolution
		Debug|Any CPU = Debug|Any CPU
		Release|Any CPU = Release|Any CPU
	EndGlobalSection
	GlobalSection(ProjectConfigurationPlatforms) = postSolution
		{D0A70314-3068-4A34-B5E8-3A04F5BD83DC}.Debug|Any CPU.ActiveCfg = Debug|Any CPU
		{D0A70314-3068-4A34-B5E8-3A04F5BD83DC}.Debug|Any CPU.Build.0 = Debug|Any CPU
		{D0A70314-3068-4A34-B5E8-3A04F5BD83DC}.Release|Any CPU.ActiveCfg = Release|Any CPU
		{D0A70314-3068-4A34-B5E8-3A04F5BD83DC}.Release|Any CPU.Build.0 = Release|Any CPU
	EndGlobalSection
	GlobalSection(SolutionProperties) = preSolution
		HideSolutionNode = FALSE
	EndGlobalSection
	GlobalSection(ExtensibilityGlobals) = postSolution
		SolutionGuid = {10A3A6AE-DC36-4535-8E8B-7EA245814802}
	EndGlobalSection
EndGlobal
