
Microsoft Visual Studio Solution File, Format Version 12.00
# Visual Studio Version 17
VisualStudioVersion = 17.2.32526.322
MinimumVisualStudioVersion = 10.0.40219.1
Project("{FAE04EC0-301F-11D3-BF4B-00C04F79EFBC}") = "greater", "greater\greater.csproj", "{27146A3D-FEED-4976-A036-08B748FDE5E6}"
EndProject
Global
	GlobalSection(SolutionConfigurationPlatforms) = preSolution
		Debug|Any CPU = Debug|Any CPU
		Release|Any CPU = Release|Any CPU
	EndGlobalSection
	GlobalSection(ProjectConfigurationPlatforms) = postSolution
		{27146A3D-FEED-4976-A036-08B748FDE5E6}.Debug|Any CPU.ActiveCfg = Debug|Any CPU
		{27146A3D-FEED-4976-A036-08B748FDE5E6}.Debug|Any CPU.Build.0 = Debug|Any CPU
		{27146A3D-FEED-4976-A036-08B748FDE5E6}.Release|Any CPU.ActiveCfg = Release|Any CPU
		{27146A3D-FEED-4976-A036-08B748FDE5E6}.Release|Any CPU.Build.0 = Release|Any CPU
	EndGlobalSection
	GlobalSection(SolutionProperties) = preSolution
		HideSolutionNode = FALSE
	EndGlobalSection
	GlobalSection(ExtensibilityGlobals) = postSolution
		SolutionGuid = {AE728076-77BB-410A-A5A0-2CC63B605D2D}
	EndGlobalSection
EndGlobal
